
Microsoft Visual Studio Solution File, Format Version 11.00
# Visual C# Express 2010
Project("{FAE04EC0-301F-11D3-BF4B-00C04F79EFBC}") = "DeveloperTest", "DeveloperTest\DeveloperTest.csproj", "{1608C6D3-2166-41E9-B1E0-B9D90215D9A1}"
EndProject
Project("{FAE04EC0-301F-11D3-BF4B-00C04F79EFBC}") = "DeveloperTestRunner", "DeveloperTestRunner\DeveloperTestRunner.csproj", "{6B439510-C988-4505-9AAA-C1BF25445F78}"
EndProject
Project("{FAE04EC0-301F-11D3-BF4B-00C04F79EFBC}") = "DeveloperTestTypes", "DeveloperTestTypes\DeveloperTestTypes.csproj", "{6E89CAE5-40A2-4D27-8B27-88FFB59BFFB3}"
EndProject
Global
	GlobalSection(SolutionConfigurationPlatforms) = preSolution
		Debug|Any CPU = Debug|Any CPU
		Debug|Mixed Platforms = Debug|Mixed Platforms
		Debug|x86 = Debug|x86
		Release|Any CPU = Release|Any CPU
		Release|Mixed Platforms = Release|Mixed Platforms
		Release|x86 = Release|x86
	EndGlobalSection
	GlobalSection(ProjectConfigurationPlatforms) = postSolution
		{1608C6D3-2166-41E9-B1E0-B9D90215D9A1}.Debug|Any CPU.ActiveCfg = Debug|Any CPU
		{1608C6D3-2166-41E9-B1E0-B9D90215D9A1}.Debug|Any CPU.Build.0 = Debug|Any CPU
		{1608C6D3-2166-41E9-B1E0-B9D90215D9A1}.Debug|Mixed Platforms.ActiveCfg = Debug|Any CPU
		{1608C6D3-2166-41E9-B1E0-B9D90215D9A1}.Debug|Mixed Platforms.Build.0 = Debug|Any CPU
		{1608C6D3-2166-41E9-B1E0-B9D90215D9A1}.Debug|x86.ActiveCfg = Debug|Any CPU
		{1608C6D3-2166-41E9-B1E0-B9D90215D9A1}.Release|Any CPU.ActiveCfg = Release|Any CPU
		{1608C6D3-2166-41E9-B1E0-B9D90215D9A1}.Release|Any CPU.Build.0 = Release|Any CPU
		{1608C6D3-2166-41E9-B1E0-B9D90215D9A1}.Release|Mixed Platforms.ActiveCfg = Release|Any CPU
		{1608C6D3-2166-41E9-B1E0-B9D90215D9A1}.Release|Mixed Platforms.Build.0 = Release|Any CPU
		{1608C6D3-2166-41E9-B1E0-B9D90215D9A1}.Release|x86.ActiveCfg = Release|Any CPU
		{6B439510-C988-4505-9AAA-C1BF25445F78}.Debug|Any CPU.ActiveCfg = Debug|x86
		{6B439510-C988-4505-9AAA-C1BF25445F78}.Debug|Mixed Platforms.ActiveCfg = Debug|x86
		{6B439510-C988-4505-9AAA-C1BF25445F78}.Debug|Mixed Platforms.Build.0 = Debug|x86
		{6B439510-C988-4505-9AAA-C1BF25445F78}.Debug|x86.ActiveCfg = Debug|x86
		{6B439510-C988-4505-9AAA-C1BF25445F78}.Debug|x86.Build.0 = Debug|x86
		{6B439510-C988-4505-9AAA-C1BF25445F78}.Release|Any CPU.ActiveCfg = Release|x86
		{6B439510-C988-4505-9AAA-C1BF25445F78}.Release|Mixed Platforms.ActiveCfg = Release|x86
		{6B439510-C988-4505-9AAA-C1BF25445F78}.Release|Mixed Platforms.Build.0 = Release|x86
		{6B439510-C988-4505-9AAA-C1BF25445F78}.Release|x86.ActiveCfg = Release|x86
		{6B439510-C988-4505-9AAA-C1BF25445F78}.Release|x86.Build.0 = Release|x86
		{6E89CAE5-40A2-4D27-8B27-88FFB59BFFB3}.Debug|Any CPU.ActiveCfg = Debug|Any CPU
		{6E89CAE5-40A2-4D27-8B27-88FFB59BFFB3}.Debug|Any CPU.Build.0 = Debug|Any CPU
		{6E89CAE5-40A2-4D27-8B27-88FFB59BFFB3}.Debug|Mixed Platforms.ActiveCfg = Debug|Any CPU
		{6E89CAE5-40A2-4D27-8B27-88FFB59BFFB3}.Debug|Mixed Platforms.Build.0 = Debug|Any CPU
		{6E89CAE5-40A2-4D27-8B27-88FFB59BFFB3}.Debug|x86.ActiveCfg = Debug|Any CPU
		{6E89CAE5-40A2-4D27-8B27-88FFB59BFFB3}.Release|Any CPU.ActiveCfg = Release|Any CPU
		{6E89CAE5-40A2-4D27-8B27-88FFB59BFFB3}.Release|Any CPU.Build.0 = Release|Any CPU
		{6E89CAE5-40A2-4D27-8B27-88FFB59BFFB3}.Release|Mixed Platforms.ActiveCfg = Release|Any CPU
		{6E89CAE5-40A2-4D27-8B27-88FFB59BFFB3}.Release|Mixed Platforms.Build.0 = Release|Any CPU
		{6E89CAE5-40A2-4D27-8B27-88FFB59BFFB3}.Release|x86.ActiveCfg = Release|Any CPU
	EndGlobalSection
	GlobalSection(SolutionProperties) = preSolution
		HideSolutionNode = FALSE
	EndGlobalSection
EndGlobal
